
Microsoft Visual Studio Solution File, Format Version 12.00
# Visual Studio 15
VisualStudioVersion = 15.0.28010.2036
MinimumVisualStudioVersion = 10.0.40219.1
Project("{FAE04EC0-301F-11D3-BF4B-00C04F79EFBC}") = "Navigation.Android", "Navigation\Navigation.Android\Navigation.Android.csproj", "{D8BCBBAB-038D-4618-9B22-9EB9C4B41D01}"
EndProject
Project("{FAE04EC0-301F-11D3-BF4B-00C04F79EFBC}") = "Navigation", "Navigation\Navigation\Navigation.csproj", "{496DCA66-66BA-4C49-B9CF-750F5BEBB675}"
EndProject
Global
	GlobalSection(SolutionConfigurationPlatforms) = preSolution
		Debug|Any CPU = Debug|Any CPU
		Release|Any CPU = Release|Any CPU
	EndGlobalSection
	GlobalSection(ProjectConfigurationPlatforms) = postSolution
		{D8BCBBAB-038D-4618-9B22-9EB9C4B41D01}.Debug|Any CPU.ActiveCfg = Debug|Any CPU
		{D8BCBBAB-038D-4618-9B22-9EB9C4B41D01}.Debug|Any CPU.Build.0 = Debug|Any CPU
		{D8BCBBAB-038D-4618-9B22-9EB9C4B41D01}.Debug|Any CPU.Deploy.0 = Debug|Any CPU
		{D8BCBBAB-038D-4618-9B22-9EB9C4B41D01}.Release|Any CPU.ActiveCfg = Release|Any CPU
		{D8BCBBAB-038D-4618-9B22-9EB9C4B41D01}.Release|Any CPU.Build.0 = Release|Any CPU
		{D8BCBBAB-038D-4618-9B22-9EB9C4B41D01}.Release|Any CPU.Deploy.0 = Release|Any CPU
		{496DCA66-66BA-4C49-B9CF-750F5BEBB675}.Debug|Any CPU.ActiveCfg = Debug|Any CPU
		{496DCA66-66BA-4C49-B9CF-750F5BEBB675}.Debug|Any CPU.Build.0 = Debug|Any CPU
		{496DCA66-66BA-4C49-B9CF-750F5BEBB675}.Release|Any CPU.ActiveCfg = Release|Any CPU
		{496DCA66-66BA-4C49-B9CF-750F5BEBB675}.Release|Any CPU.Build.0 = Release|Any CPU
	EndGlobalSection
	GlobalSection(SolutionProperties) = preSolution
		HideSolutionNode = FALSE
	EndGlobalSection
	GlobalSection(ExtensibilityGlobals) = postSolution
		SolutionGuid = {5EB04C36-85CD-4754-83C2-08C50708DEA5}
	EndGlobalSection
EndGlobal
