
Microsoft Visual Studio Solution File, Format Version 12.00
# Visual Studio 15
VisualStudioVersion = 15.0.28010.2036
MinimumVisualStudioVersion = 10.0.40219.1
Project("{FAE04EC0-301F-11D3-BF4B-00C04F79EFBC}") = "Lists_Oct_of_Eightn_b.Android", "Lists_Oct_of_Eightn_b\Lists_Oct_of_Eightn_b.Android\Lists_Oct_of_Eightn_b.Android.csproj", "{E3A6BDCC-E64F-4D77-B8E1-3FE21B5BD2DF}"
EndProject
Project("{FAE04EC0-301F-11D3-BF4B-00C04F79EFBC}") = "Lists_Oct_of_Eightn_b.iOS", "Lists_Oct_of_Eightn_b\Lists_Oct_of_Eightn_b.iOS\Lists_Oct_of_Eightn_b.iOS.csproj", "{7651C39E-17BB-44BD-8868-83BB94B85A0C}"
EndProject
Project("{FAE04EC0-301F-11D3-BF4B-00C04F79EFBC}") = "Lists_Oct_of_Eightn_b", "Lists_Oct_of_Eightn_b\Lists_Oct_of_Eightn_b\Lists_Oct_of_Eightn_b.csproj", "{DB9C395F-2036-48A8-9ED5-5549B702D28C}"
EndProject
Global
	GlobalSection(SolutionConfigurationPlatforms) = preSolution
		Ad-Hoc|Any CPU = Ad-Hoc|Any CPU
		Ad-Hoc|iPhone = Ad-Hoc|iPhone
		Ad-Hoc|iPhoneSimulator = Ad-Hoc|iPhoneSimulator
		AppStore|Any CPU = AppStore|Any CPU
		AppStore|iPhone = AppStore|iPhone
		AppStore|iPhoneSimulator = AppStore|iPhoneSimulator
		Debug|Any CPU = Debug|Any CPU
		Debug|iPhone = Debug|iPhone
		Debug|iPhoneSimulator = Debug|iPhoneSimulator
		Release|Any CPU = Release|Any CPU
		Release|iPhone = Release|iPhone
		Release|iPhoneSimulator = Release|iPhoneSimulator
	EndGlobalSection
	GlobalSection(ProjectConfigurationPlatforms) = postSolution
		{E3A6BDCC-E64F-4D77-B8E1-3FE21B5BD2DF}.Ad-Hoc|Any CPU.ActiveCfg = Release|Any CPU
		{E3A6BDCC-E64F-4D77-B8E1-3FE21B5BD2DF}.Ad-Hoc|Any CPU.Build.0 = Release|Any CPU
		{E3A6BDCC-E64F-4D77-B8E1-3FE21B5BD2DF}.Ad-Hoc|Any CPU.Deploy.0 = Release|Any CPU
		{E3A6BDCC-E64F-4D77-B8E1-3FE21B5BD2DF}.Ad-Hoc|iPhone.ActiveCfg = Release|Any CPU
		{E3A6BDCC-E64F-4D77-B8E1-3FE21B5BD2DF}.Ad-Hoc|iPhone.Build.0 = Release|Any CPU
		{E3A6BDCC-E64F-4D77-B8E1-3FE21B5BD2DF}.Ad-Hoc|iPhone.Deploy.0 = Release|Any CPU
		{E3A6BDCC-E64F-4D77-B8E1-3FE21B5BD2DF}.Ad-Hoc|iPhoneSimulator.ActiveCfg = Release|Any CPU
		{E3A6BDCC-E64F-4D77-B8E1-3FE21B5BD2DF}.Ad-Hoc|iPhoneSimulator.Build.0 = Release|Any CPU
		{E3A6BDCC-E64F-4D77-B8E1-3FE21B5BD2DF}.Ad-Hoc|iPhoneSimulator.Deploy.0 = Release|Any CPU
		{E3A6BDCC-E64F-4D77-B8E1-3FE21B5BD2DF}.AppStore|Any CPU.ActiveCfg = Release|Any CPU
		{E3A6BDCC-E64F-4D77-B8E1-3FE21B5BD2DF}.AppStore|Any CPU.Build.0 = Release|Any CPU
		{E3A6BDCC-E64F-4D77-B8E1-3FE21B5BD2DF}.AppStore|Any CPU.Deploy.0 = Release|Any CPU
		{E3A6BDCC-E64F-4D77-B8E1-3FE21B5BD2DF}.AppStore|iPhone.ActiveCfg = Release|Any CPU
		{E3A6BDCC-E64F-4D77-B8E1-3FE21B5BD2DF}.AppStore|iPhone.Build.0 = Release|Any CPU
		{E3A6BDCC-E64F-4D77-B8E1-3FE21B5BD2DF}.AppStore|iPhone.Deploy.0 = Release|Any CPU
		{E3A6BDCC-E64F-4D77-B8E1-3FE21B5BD2DF}.AppStore|iPhoneSimulator.ActiveCfg = Release|Any CPU
		{E3A6BDCC-E64F-4D77-B8E1-3FE21B5BD2DF}.AppStore|iPhoneSimulator.Build.0 = Release|Any CPU
		{E3A6BDCC-E64F-4D77-B8E1-3FE21B5BD2DF}.AppStore|iPhoneSimulator.Deploy.0 = Release|Any CPU
		{E3A6BDCC-E64F-4D77-B8E1-3FE21B5BD2DF}.Debug|Any CPU.ActiveCfg = Debug|Any CPU
		{E3A6BDCC-E64F-4D77-B8E1-3FE21B5BD2DF}.Debug|Any CPU.Build.0 = Debug|Any CPU
		{E3A6BDCC-E64F-4D77-B8E1-3FE21B5BD2DF}.Debug|Any CPU.Deploy.0 = Debug|Any CPU
		{E3A6BDCC-E64F-4D77-B8E1-3FE21B5BD2DF}.Debug|iPhone.ActiveCfg = Debug|Any CPU
		{E3A6BDCC-E64F-4D77-B8E1-3FE21B5BD2DF}.Debug|iPhone.Build.0 = Debug|Any CPU
		{E3A6BDCC-E64F-4D77-B8E1-3FE21B5BD2DF}.Debug|iPhone.Deploy.0 = Debug|Any CPU
		{E3A6BDCC-E64F-4D77-B8E1-3FE21B5BD2DF}.Debug|iPhoneSimulator.ActiveCfg = Debug|Any CPU
		{E3A6BDCC-E64F-4D77-B8E1-3FE21B5BD2DF}.Debug|iPhoneSimulator.Build.0 = Debug|Any CPU
		{E3A6BDCC-E64F-4D77-B8E1-3FE21B5BD2DF}.Debug|iPhoneSimulator.Deploy.0 = Debug|Any CPU
		{E3A6BDCC-E64F-4D77-B8E1-3FE21B5BD2DF}.Release|Any CPU.ActiveCfg = Release|Any CPU
		{E3A6BDCC-E64F-4D77-B8E1-3FE21B5BD2DF}.Release|Any CPU.Build.0 = Release|Any CPU
		{E3A6BDCC-E64F-4D77-B8E1-3FE21B5BD2DF}.Release|Any CPU.Deploy.0 = Release|Any CPU
		{E3A6BDCC-E64F-4D77-B8E1-3FE21B5BD2DF}.Release|iPhone.ActiveCfg = Release|Any CPU
		{E3A6BDCC-E64F-4D77-B8E1-3FE21B5BD2DF}.Release|iPhone.Build.0 = Release|Any CPU
		{E3A6BDCC-E64F-4D77-B8E1-3FE21B5BD2DF}.Release|iPhone.Deploy.0 = Release|Any CPU
		{E3A6BDCC-E64F-4D77-B8E1-3FE21B5BD2DF}.Release|iPhoneSimulator.ActiveCfg = Release|Any CPU
		{E3A6BDCC-E64F-4D77-B8E1-3FE21B5BD2DF}.Release|iPhoneSimulator.Build.0 = Release|Any CPU
		{E3A6BDCC-E64F-4D77-B8E1-3FE21B5BD2DF}.Release|iPhoneSimulator.Deploy.0 = Release|Any CPU
		{7651C39E-17BB-44BD-8868-83BB94B85A0C}.Ad-Hoc|Any CPU.ActiveCfg = Ad-Hoc|iPhone
		{7651C39E-17BB-44BD-8868-83BB94B85A0C}.Ad-Hoc|Any CPU.Build.0 = Ad-Hoc|iPhone
		{7651C39E-17BB-44BD-8868-83BB94B85A0C}.Ad-Hoc|Any CPU.Deploy.0 = Ad-Hoc|iPhone
		{7651C39E-17BB-44BD-8868-83BB94B85A0C}.Ad-Hoc|iPhone.ActiveCfg = Ad-Hoc|iPhone
		{7651C39E-17BB-44BD-8868-83BB94B85A0C}.Ad-Hoc|iPhone.Build.0 = Ad-Hoc|iPhone
		{7651C39E-17BB-44BD-8868-83BB94B85A0C}.Ad-Hoc|iPhone.Deploy.0 = Ad-Hoc|iPhone
		{7651C39E-17BB-44BD-8868-83BB94B85A0C}.Ad-Hoc|iPhoneSimulator.ActiveCfg = Ad-Hoc|iPhoneSimulator
		{7651C39E-17BB-44BD-8868-83BB94B85A0C}.Ad-Hoc|iPhoneSimulator.Build.0 = Ad-Hoc|iPhoneSimulator
		{7651C39E-17BB-44BD-8868-83BB94B85A0C}.Ad-Hoc|iPhoneSimulator.Deploy.0 = Ad-Hoc|iPhoneSimulator
		{7651C39E-17BB-44BD-8868-83BB94B85A0C}.AppStore|Any CPU.ActiveCfg = AppStore|iPhone
		{7651C39E-17BB-44BD-8868-83BB94B85A0C}.AppStore|Any CPU.Build.0 = AppStore|iPhone
		{7651C39E-17BB-44BD-8868-83BB94B85A0C}.AppStore|Any CPU.Deploy.0 = AppStore|iPhone
		{7651C39E-17BB-44BD-8868-83BB94B85A0C}.AppStore|iPhone.ActiveCfg = AppStore|iPhone
		{7651C39E-17BB-44BD-8868-83BB94B85A0C}.AppStore|iPhone.Build.0 = AppStore|iPhone
		{7651C39E-17BB-44BD-8868-83BB94B85A0C}.AppStore|iPhone.Deploy.0 = AppStore|iPhone
		{7651C39E-17BB-44BD-8868-83BB94B85A0C}.AppStore|iPhoneSimulator.ActiveCfg = AppStore|iPhoneSimulator
		{7651C39E-17BB-44BD-8868-83BB94B85A0C}.AppStore|iPhoneSimulator.Build.0 = AppStore|iPhoneSimulator
		{7651C39E-17BB-44BD-8868-83BB94B85A0C}.AppStore|iPhoneSimulator.Deploy.0 = AppStore|iPhoneSimulator
		{7651C39E-17BB-44BD-8868-83BB94B85A0C}.Debug|Any CPU.ActiveCfg = Debug|iPhoneSimulator
		{7651C39E-17BB-44BD-8868-83BB94B85A0C}.Debug|Any CPU.Build.0 = Debug|iPhoneSimulator
		{7651C39E-17BB-44BD-8868-83BB94B85A0C}.Debug|Any CPU.Deploy.0 = Debug|iPhoneSimulator
		{7651C39E-17BB-44BD-8868-83BB94B85A0C}.Debug|iPhone.ActiveCfg = Debug|iPhone
		{7651C39E-17BB-44BD-8868-83BB94B85A0C}.Debug|iPhone.Build.0 = Debug|iPhone
		{7651C39E-17BB-44BD-8868-83BB94B85A0C}.Debug|iPhone.Deploy.0 = Debug|iPhone
		{7651C39E-17BB-44BD-8868-83BB94B85A0C}.Debug|iPhoneSimulator.ActiveCfg = Debug|iPhoneSimulator
		{7651C39E-17BB-44BD-8868-83BB94B85A0C}.Debug|iPhoneSimulator.Build.0 = Debug|iPhoneSimulator
		{7651C39E-17BB-44BD-8868-83BB94B85A0C}.Debug|iPhoneSimulator.Deploy.0 = Debug|iPhoneSimulator
		{7651C39E-17BB-44BD-8868-83BB94B85A0C}.Release|Any CPU.ActiveCfg = Release|iPhone
		{7651C39E-17BB-44BD-8868-83BB94B85A0C}.Release|Any CPU.Build.0 = Release|iPhone
		{7651C39E-17BB-44BD-8868-83BB94B85A0C}.Release|Any CPU.Deploy.0 = Release|iPhone
		{7651C39E-17BB-44BD-8868-83BB94B85A0C}.Release|iPhone.ActiveCfg = Release|iPhone
		{7651C39E-17BB-44BD-8868-83BB94B85A0C}.Release|iPhone.Build.0 = Release|iPhone
		{7651C39E-17BB-44BD-8868-83BB94B85A0C}.Release|iPhone.Deploy.0 = Release|iPhone
		{7651C39E-17BB-44BD-8868-83BB94B85A0C}.Release|iPhoneSimulator.ActiveCfg = Release|iPhoneSimulator
		{7651C39E-17BB-44BD-8868-83BB94B85A0C}.Release|iPhoneSimulator.Build.0 = Release|iPhoneSimulator
		{7651C39E-17BB-44BD-8868-83BB94B85A0C}.Release|iPhoneSimulator.Deploy.0 = Release|iPhoneSimulator
		{DB9C395F-2036-48A8-9ED5-5549B702D28C}.Ad-Hoc|Any CPU.ActiveCfg = Debug|Any CPU
		{DB9C395F-2036-48A8-9ED5-5549B702D28C}.Ad-Hoc|Any CPU.Build.0 = Debug|Any CPU
		{DB9C395F-2036-48A8-9ED5-5549B702D28C}.Ad-Hoc|Any CPU.Deploy.0 = Debug|Any CPU
		{DB9C395F-2036-48A8-9ED5-5549B702D28C}.Ad-Hoc|iPhone.ActiveCfg = Debug|Any CPU
		{DB9C395F-2036-48A8-9ED5-5549B702D28C}.Ad-Hoc|iPhone.Build.0 = Debug|Any CPU
		{DB9C395F-2036-48A8-9ED5-5549B702D28C}.Ad-Hoc|iPhone.Deploy.0 = Debug|Any CPU
		{DB9C395F-2036-48A8-9ED5-5549B702D28C}.Ad-Hoc|iPhoneSimulator.ActiveCfg = Debug|Any CPU
		{DB9C395F-2036-48A8-9ED5-5549B702D28C}.Ad-Hoc|iPhoneSimulator.Build.0 = Debug|Any CPU
		{DB9C395F-2036-48A8-9ED5-5549B702D28C}.Ad-Hoc|iPhoneSimulator.Deploy.0 = Debug|Any CPU
		{DB9C395F-2036-48A8-9ED5-5549B702D28C}.AppStore|Any CPU.ActiveCfg = Debug|Any CPU
		{DB9C395F-2036-48A8-9ED5-5549B702D28C}.AppStore|Any CPU.Build.0 = Debug|Any CPU
		{DB9C395F-2036-48A8-9ED5-5549B702D28C}.AppStore|Any CPU.Deploy.0 = Debug|Any CPU
		{DB9C395F-2036-48A8-9ED5-5549B702D28C}.AppStore|iPhone.ActiveCfg = Debug|Any CPU
		{DB9C395F-2036-48A8-9ED5-5549B702D28C}.AppStore|iPhone.Build.0 = Debug|Any CPU
		{DB9C395F-2036-48A8-9ED5-5549B702D28C}.AppStore|iPhone.Deploy.0 = Debug|Any CPU
		{DB9C395F-2036-48A8-9ED5-5549B702D28C}.AppStore|iPhoneSimulator.ActiveCfg = Debug|Any CPU
		{DB9C395F-2036-48A8-9ED5-5549B702D28C}.AppStore|iPhoneSimulator.Build.0 = Debug|Any CPU
		{DB9C395F-2036-48A8-9ED5-5549B702D28C}.AppStore|iPhoneSimulator.Deploy.0 = Debug|Any CPU
		{DB9C395F-2036-48A8-9ED5-5549B702D28C}.Debug|Any CPU.ActiveCfg = Debug|Any CPU
		{DB9C395F-2036-48A8-9ED5-5549B702D28C}.Debug|Any CPU.Build.0 = Debug|Any CPU
		{DB9C395F-2036-48A8-9ED5-5549B702D28C}.Debug|Any CPU.Deploy.0 = Debug|Any CPU
		{DB9C395F-2036-48A8-9ED5-5549B702D28C}.Debug|iPhone.ActiveCfg = Debug|Any CPU
		{DB9C395F-2036-48A8-9ED5-5549B702D28C}.Debug|iPhone.Build.0 = Debug|Any CPU
		{DB9C395F-2036-48A8-9ED5-5549B702D28C}.Debug|iPhone.Deploy.0 = Debug|Any CPU
		{DB9C395F-2036-48A8-9ED5-5549B702D28C}.Debug|iPhoneSimulator.ActiveCfg = Debug|Any CPU
		{DB9C395F-2036-48A8-9ED5-5549B702D28C}.Debug|iPhoneSimulator.Build.0 = Debug|Any CPU
		{DB9C395F-2036-48A8-9ED5-5549B702D28C}.Debug|iPhoneSimulator.Deploy.0 = Debug|Any CPU
		{DB9C395F-2036-48A8-9ED5-5549B702D28C}.Release|Any CPU.ActiveCfg = Release|Any CPU
		{DB9C395F-2036-48A8-9ED5-5549B702D28C}.Release|Any CPU.Build.0 = Release|Any CPU
		{DB9C395F-2036-48A8-9ED5-5549B702D28C}.Release|Any CPU.Deploy.0 = Release|Any CPU
		{DB9C395F-2036-48A8-9ED5-5549B702D28C}.Release|iPhone.ActiveCfg = Release|Any CPU
		{DB9C395F-2036-48A8-9ED5-5549B702D28C}.Release|iPhone.Build.0 = Release|Any CPU
		{DB9C395F-2036-48A8-9ED5-5549B702D28C}.Release|iPhone.Deploy.0 = Release|Any CPU
		{DB9C395F-2036-48A8-9ED5-5549B702D28C}.Release|iPhoneSimulator.ActiveCfg = Release|Any CPU
		{DB9C395F-2036-48A8-9ED5-5549B702D28C}.Release|iPhoneSimulator.Build.0 = Release|Any CPU
		{DB9C395F-2036-48A8-9ED5-5549B702D28C}.Release|iPhoneSimulator.Deploy.0 = Release|Any CPU
	EndGlobalSection
	GlobalSection(SolutionProperties) = preSolution
		HideSolutionNode = FALSE
	EndGlobalSection
	GlobalSection(ExtensibilityGlobals) = postSolution
		SolutionGuid = {925AF67C-A3C6-4904-842E-22B75D8AC544}
	EndGlobalSection
EndGlobal
