
Microsoft Visual Studio Solution File, Format Version 12.00
# Visual Studio 15
VisualStudioVersion = 15.0.28010.2036
MinimumVisualStudioVersion = 10.0.40219.1
Project("{FAE04EC0-301F-11D3-BF4B-00C04F79EFBC}") = "popups.Android", "popups\popups.Android\popups.Android.csproj", "{19D1452E-12E0-4B9F-8050-AE538DDE343E}"
EndProject
Project("{FAE04EC0-301F-11D3-BF4B-00C04F79EFBC}") = "popups", "popups\popups\popups.csproj", "{9E83A288-8F25-49BC-A7D1-461E9CB5B29D}"
EndProject
Global
	GlobalSection(SolutionConfigurationPlatforms) = preSolution
		Debug|Any CPU = Debug|Any CPU
		Release|Any CPU = Release|Any CPU
	EndGlobalSection
	GlobalSection(ProjectConfigurationPlatforms) = postSolution
		{19D1452E-12E0-4B9F-8050-AE538DDE343E}.Debug|Any CPU.ActiveCfg = Debug|Any CPU
		{19D1452E-12E0-4B9F-8050-AE538DDE343E}.Debug|Any CPU.Build.0 = Debug|Any CPU
		{19D1452E-12E0-4B9F-8050-AE538DDE343E}.Debug|Any CPU.Deploy.0 = Debug|Any CPU
		{19D1452E-12E0-4B9F-8050-AE538DDE343E}.Release|Any CPU.ActiveCfg = Release|Any CPU
		{19D1452E-12E0-4B9F-8050-AE538DDE343E}.Release|Any CPU.Build.0 = Release|Any CPU
		{19D1452E-12E0-4B9F-8050-AE538DDE343E}.Release|Any CPU.Deploy.0 = Release|Any CPU
		{9E83A288-8F25-49BC-A7D1-461E9CB5B29D}.Debug|Any CPU.ActiveCfg = Debug|Any CPU
		{9E83A288-8F25-49BC-A7D1-461E9CB5B29D}.Debug|Any CPU.Build.0 = Debug|Any CPU
		{9E83A288-8F25-49BC-A7D1-461E9CB5B29D}.Release|Any CPU.ActiveCfg = Release|Any CPU
		{9E83A288-8F25-49BC-A7D1-461E9CB5B29D}.Release|Any CPU.Build.0 = Release|Any CPU
	EndGlobalSection
	GlobalSection(SolutionProperties) = preSolution
		HideSolutionNode = FALSE
	EndGlobalSection
	GlobalSection(ExtensibilityGlobals) = postSolution
		SolutionGuid = {14E41C62-5693-4849-9B13-48272782EDB1}
	EndGlobalSection
EndGlobal
