
Microsoft Visual Studio Solution File, Format Version 12.00
# Visual Studio 15
VisualStudioVersion = 15.0.28010.2036
MinimumVisualStudioVersion = 10.0.40219.1
Project("{FAE04EC0-301F-11D3-BF4B-00C04F79EFBC}") = "XamlApp.Android", "XamlApp\XamlApp.Android\XamlApp.Android.csproj", "{922AF2FE-0582-4A2A-B63D-BE35E54BD6FF}"
EndProject
Project("{FAE04EC0-301F-11D3-BF4B-00C04F79EFBC}") = "XamlApp", "XamlApp\XamlApp\XamlApp.csproj", "{EAC4AC5B-97C9-47F0-9A34-7C2DD4A44FD7}"
EndProject
Global
	GlobalSection(SolutionConfigurationPlatforms) = preSolution
		Debug|Any CPU = Debug|Any CPU
		Release|Any CPU = Release|Any CPU
	EndGlobalSection
	GlobalSection(ProjectConfigurationPlatforms) = postSolution
		{922AF2FE-0582-4A2A-B63D-BE35E54BD6FF}.Debug|Any CPU.ActiveCfg = Debug|Any CPU
		{922AF2FE-0582-4A2A-B63D-BE35E54BD6FF}.Debug|Any CPU.Build.0 = Debug|Any CPU
		{922AF2FE-0582-4A2A-B63D-BE35E54BD6FF}.Debug|Any CPU.Deploy.0 = Debug|Any CPU
		{922AF2FE-0582-4A2A-B63D-BE35E54BD6FF}.Release|Any CPU.ActiveCfg = Release|Any CPU
		{922AF2FE-0582-4A2A-B63D-BE35E54BD6FF}.Release|Any CPU.Build.0 = Release|Any CPU
		{922AF2FE-0582-4A2A-B63D-BE35E54BD6FF}.Release|Any CPU.Deploy.0 = Release|Any CPU
		{EAC4AC5B-97C9-47F0-9A34-7C2DD4A44FD7}.Debug|Any CPU.ActiveCfg = Debug|Any CPU
		{EAC4AC5B-97C9-47F0-9A34-7C2DD4A44FD7}.Debug|Any CPU.Build.0 = Debug|Any CPU
		{EAC4AC5B-97C9-47F0-9A34-7C2DD4A44FD7}.Release|Any CPU.ActiveCfg = Release|Any CPU
		{EAC4AC5B-97C9-47F0-9A34-7C2DD4A44FD7}.Release|Any CPU.Build.0 = Release|Any CPU
	EndGlobalSection
	GlobalSection(SolutionProperties) = preSolution
		HideSolutionNode = FALSE
	EndGlobalSection
	GlobalSection(ExtensibilityGlobals) = postSolution
		SolutionGuid = {E4B3DB05-4D4A-4BDC-B9F9-52EB24D0F002}
	EndGlobalSection
EndGlobal
