
Microsoft Visual Studio Solution File, Format Version 12.00
# Visual Studio 15
VisualStudioVersion = 15.0.27130.2020
MinimumVisualStudioVersion = 10.0.40219.1
Project("{FAE04EC0-301F-11D3-BF4B-00C04F79EFBC}") = "Images3.Android", "Images3\Images3.Android\Images3.Android.csproj", "{FA5C33D2-7663-48EE-989A-1EF523DCFA7B}"
EndProject
Project("{FAE04EC0-301F-11D3-BF4B-00C04F79EFBC}") = "Images3.iOS", "Images3\Images3.iOS\Images3.iOS.csproj", "{FDA1034A-47A3-4447-9BAE-CA78A707343D}"
EndProject
Project("{FAE04EC0-301F-11D3-BF4B-00C04F79EFBC}") = "Images3", "Images3\Images3\Images3.csproj", "{19B18BC6-283A-4227-B30B-88F9A62C1431}"
EndProject
Global
	GlobalSection(SolutionConfigurationPlatforms) = preSolution
		Ad-Hoc|Any CPU = Ad-Hoc|Any CPU
		Ad-Hoc|iPhone = Ad-Hoc|iPhone
		Ad-Hoc|iPhoneSimulator = Ad-Hoc|iPhoneSimulator
		AppStore|Any CPU = AppStore|Any CPU
		AppStore|iPhone = AppStore|iPhone
		AppStore|iPhoneSimulator = AppStore|iPhoneSimulator
		Debug|Any CPU = Debug|Any CPU
		Debug|iPhone = Debug|iPhone
		Debug|iPhoneSimulator = Debug|iPhoneSimulator
		Release|Any CPU = Release|Any CPU
		Release|iPhone = Release|iPhone
		Release|iPhoneSimulator = Release|iPhoneSimulator
	EndGlobalSection
	GlobalSection(ProjectConfigurationPlatforms) = postSolution
		{FA5C33D2-7663-48EE-989A-1EF523DCFA7B}.Ad-Hoc|Any CPU.ActiveCfg = Release|Any CPU
		{FA5C33D2-7663-48EE-989A-1EF523DCFA7B}.Ad-Hoc|Any CPU.Build.0 = Release|Any CPU
		{FA5C33D2-7663-48EE-989A-1EF523DCFA7B}.Ad-Hoc|Any CPU.Deploy.0 = Release|Any CPU
		{FA5C33D2-7663-48EE-989A-1EF523DCFA7B}.Ad-Hoc|iPhone.ActiveCfg = Release|Any CPU
		{FA5C33D2-7663-48EE-989A-1EF523DCFA7B}.Ad-Hoc|iPhone.Build.0 = Release|Any CPU
		{FA5C33D2-7663-48EE-989A-1EF523DCFA7B}.Ad-Hoc|iPhone.Deploy.0 = Release|Any CPU
		{FA5C33D2-7663-48EE-989A-1EF523DCFA7B}.Ad-Hoc|iPhoneSimulator.ActiveCfg = Release|Any CPU
		{FA5C33D2-7663-48EE-989A-1EF523DCFA7B}.Ad-Hoc|iPhoneSimulator.Build.0 = Release|Any CPU
		{FA5C33D2-7663-48EE-989A-1EF523DCFA7B}.Ad-Hoc|iPhoneSimulator.Deploy.0 = Release|Any CPU
		{FA5C33D2-7663-48EE-989A-1EF523DCFA7B}.AppStore|Any CPU.ActiveCfg = Release|Any CPU
		{FA5C33D2-7663-48EE-989A-1EF523DCFA7B}.AppStore|Any CPU.Build.0 = Release|Any CPU
		{FA5C33D2-7663-48EE-989A-1EF523DCFA7B}.AppStore|Any CPU.Deploy.0 = Release|Any CPU
		{FA5C33D2-7663-48EE-989A-1EF523DCFA7B}.AppStore|iPhone.ActiveCfg = Release|Any CPU
		{FA5C33D2-7663-48EE-989A-1EF523DCFA7B}.AppStore|iPhone.Build.0 = Release|Any CPU
		{FA5C33D2-7663-48EE-989A-1EF523DCFA7B}.AppStore|iPhone.Deploy.0 = Release|Any CPU
		{FA5C33D2-7663-48EE-989A-1EF523DCFA7B}.AppStore|iPhoneSimulator.ActiveCfg = Release|Any CPU
		{FA5C33D2-7663-48EE-989A-1EF523DCFA7B}.AppStore|iPhoneSimulator.Build.0 = Release|Any CPU
		{FA5C33D2-7663-48EE-989A-1EF523DCFA7B}.AppStore|iPhoneSimulator.Deploy.0 = Release|Any CPU
		{FA5C33D2-7663-48EE-989A-1EF523DCFA7B}.Debug|Any CPU.ActiveCfg = Debug|Any CPU
		{FA5C33D2-7663-48EE-989A-1EF523DCFA7B}.Debug|Any CPU.Build.0 = Debug|Any CPU
		{FA5C33D2-7663-48EE-989A-1EF523DCFA7B}.Debug|Any CPU.Deploy.0 = Debug|Any CPU
		{FA5C33D2-7663-48EE-989A-1EF523DCFA7B}.Debug|iPhone.ActiveCfg = Debug|Any CPU
		{FA5C33D2-7663-48EE-989A-1EF523DCFA7B}.Debug|iPhone.Build.0 = Debug|Any CPU
		{FA5C33D2-7663-48EE-989A-1EF523DCFA7B}.Debug|iPhone.Deploy.0 = Debug|Any CPU
		{FA5C33D2-7663-48EE-989A-1EF523DCFA7B}.Debug|iPhoneSimulator.ActiveCfg = Debug|Any CPU
		{FA5C33D2-7663-48EE-989A-1EF523DCFA7B}.Debug|iPhoneSimulator.Build.0 = Debug|Any CPU
		{FA5C33D2-7663-48EE-989A-1EF523DCFA7B}.Debug|iPhoneSimulator.Deploy.0 = Debug|Any CPU
		{FA5C33D2-7663-48EE-989A-1EF523DCFA7B}.Release|Any CPU.ActiveCfg = Release|Any CPU
		{FA5C33D2-7663-48EE-989A-1EF523DCFA7B}.Release|Any CPU.Build.0 = Release|Any CPU
		{FA5C33D2-7663-48EE-989A-1EF523DCFA7B}.Release|Any CPU.Deploy.0 = Release|Any CPU
		{FA5C33D2-7663-48EE-989A-1EF523DCFA7B}.Release|iPhone.ActiveCfg = Release|Any CPU
		{FA5C33D2-7663-48EE-989A-1EF523DCFA7B}.Release|iPhone.Build.0 = Release|Any CPU
		{FA5C33D2-7663-48EE-989A-1EF523DCFA7B}.Release|iPhone.Deploy.0 = Release|Any CPU
		{FA5C33D2-7663-48EE-989A-1EF523DCFA7B}.Release|iPhoneSimulator.ActiveCfg = Release|Any CPU
		{FA5C33D2-7663-48EE-989A-1EF523DCFA7B}.Release|iPhoneSimulator.Build.0 = Release|Any CPU
		{FA5C33D2-7663-48EE-989A-1EF523DCFA7B}.Release|iPhoneSimulator.Deploy.0 = Release|Any CPU
		{FDA1034A-47A3-4447-9BAE-CA78A707343D}.Ad-Hoc|Any CPU.ActiveCfg = Ad-Hoc|iPhone
		{FDA1034A-47A3-4447-9BAE-CA78A707343D}.Ad-Hoc|iPhone.ActiveCfg = Ad-Hoc|iPhone
		{FDA1034A-47A3-4447-9BAE-CA78A707343D}.Ad-Hoc|iPhone.Build.0 = Ad-Hoc|iPhone
		{FDA1034A-47A3-4447-9BAE-CA78A707343D}.Ad-Hoc|iPhoneSimulator.ActiveCfg = Ad-Hoc|iPhoneSimulator
		{FDA1034A-47A3-4447-9BAE-CA78A707343D}.Ad-Hoc|iPhoneSimulator.Build.0 = Ad-Hoc|iPhoneSimulator
		{FDA1034A-47A3-4447-9BAE-CA78A707343D}.AppStore|Any CPU.ActiveCfg = AppStore|iPhone
		{FDA1034A-47A3-4447-9BAE-CA78A707343D}.AppStore|iPhone.ActiveCfg = AppStore|iPhone
		{FDA1034A-47A3-4447-9BAE-CA78A707343D}.AppStore|iPhone.Build.0 = AppStore|iPhone
		{FDA1034A-47A3-4447-9BAE-CA78A707343D}.AppStore|iPhoneSimulator.ActiveCfg = AppStore|iPhoneSimulator
		{FDA1034A-47A3-4447-9BAE-CA78A707343D}.AppStore|iPhoneSimulator.Build.0 = AppStore|iPhoneSimulator
		{FDA1034A-47A3-4447-9BAE-CA78A707343D}.Debug|Any CPU.ActiveCfg = Debug|iPhone
		{FDA1034A-47A3-4447-9BAE-CA78A707343D}.Debug|iPhone.ActiveCfg = Debug|iPhone
		{FDA1034A-47A3-4447-9BAE-CA78A707343D}.Debug|iPhone.Build.0 = Debug|iPhone
		{FDA1034A-47A3-4447-9BAE-CA78A707343D}.Debug|iPhoneSimulator.ActiveCfg = Debug|iPhoneSimulator
		{FDA1034A-47A3-4447-9BAE-CA78A707343D}.Debug|iPhoneSimulator.Build.0 = Debug|iPhoneSimulator
		{FDA1034A-47A3-4447-9BAE-CA78A707343D}.Release|Any CPU.ActiveCfg = Release|iPhone
		{FDA1034A-47A3-4447-9BAE-CA78A707343D}.Release|iPhone.ActiveCfg = Release|iPhone
		{FDA1034A-47A3-4447-9BAE-CA78A707343D}.Release|iPhone.Build.0 = Release|iPhone
		{FDA1034A-47A3-4447-9BAE-CA78A707343D}.Release|iPhoneSimulator.ActiveCfg = Release|iPhoneSimulator
		{FDA1034A-47A3-4447-9BAE-CA78A707343D}.Release|iPhoneSimulator.Build.0 = Release|iPhoneSimulator
		{19B18BC6-283A-4227-B30B-88F9A62C1431}.Ad-Hoc|Any CPU.ActiveCfg = Debug|Any CPU
		{19B18BC6-283A-4227-B30B-88F9A62C1431}.Ad-Hoc|Any CPU.Build.0 = Debug|Any CPU
		{19B18BC6-283A-4227-B30B-88F9A62C1431}.Ad-Hoc|iPhone.ActiveCfg = Debug|Any CPU
		{19B18BC6-283A-4227-B30B-88F9A62C1431}.Ad-Hoc|iPhone.Build.0 = Debug|Any CPU
		{19B18BC6-283A-4227-B30B-88F9A62C1431}.Ad-Hoc|iPhoneSimulator.ActiveCfg = Debug|Any CPU
		{19B18BC6-283A-4227-B30B-88F9A62C1431}.Ad-Hoc|iPhoneSimulator.Build.0 = Debug|Any CPU
		{19B18BC6-283A-4227-B30B-88F9A62C1431}.AppStore|Any CPU.ActiveCfg = Debug|Any CPU
		{19B18BC6-283A-4227-B30B-88F9A62C1431}.AppStore|Any CPU.Build.0 = Debug|Any CPU
		{19B18BC6-283A-4227-B30B-88F9A62C1431}.AppStore|iPhone.ActiveCfg = Debug|Any CPU
		{19B18BC6-283A-4227-B30B-88F9A62C1431}.AppStore|iPhone.Build.0 = Debug|Any CPU
		{19B18BC6-283A-4227-B30B-88F9A62C1431}.AppStore|iPhoneSimulator.ActiveCfg = Debug|Any CPU
		{19B18BC6-283A-4227-B30B-88F9A62C1431}.AppStore|iPhoneSimulator.Build.0 = Debug|Any CPU
		{19B18BC6-283A-4227-B30B-88F9A62C1431}.Debug|Any CPU.ActiveCfg = Debug|Any CPU
		{19B18BC6-283A-4227-B30B-88F9A62C1431}.Debug|Any CPU.Build.0 = Debug|Any CPU
		{19B18BC6-283A-4227-B30B-88F9A62C1431}.Debug|iPhone.ActiveCfg = Debug|Any CPU
		{19B18BC6-283A-4227-B30B-88F9A62C1431}.Debug|iPhone.Build.0 = Debug|Any CPU
		{19B18BC6-283A-4227-B30B-88F9A62C1431}.Debug|iPhoneSimulator.ActiveCfg = Debug|Any CPU
		{19B18BC6-283A-4227-B30B-88F9A62C1431}.Debug|iPhoneSimulator.Build.0 = Debug|Any CPU
		{19B18BC6-283A-4227-B30B-88F9A62C1431}.Release|Any CPU.ActiveCfg = Release|Any CPU
		{19B18BC6-283A-4227-B30B-88F9A62C1431}.Release|Any CPU.Build.0 = Release|Any CPU
		{19B18BC6-283A-4227-B30B-88F9A62C1431}.Release|iPhone.ActiveCfg = Release|Any CPU
		{19B18BC6-283A-4227-B30B-88F9A62C1431}.Release|iPhone.Build.0 = Release|Any CPU
		{19B18BC6-283A-4227-B30B-88F9A62C1431}.Release|iPhoneSimulator.ActiveCfg = Release|Any CPU
		{19B18BC6-283A-4227-B30B-88F9A62C1431}.Release|iPhoneSimulator.Build.0 = Release|Any CPU
	EndGlobalSection
	GlobalSection(SolutionProperties) = preSolution
		HideSolutionNode = FALSE
	EndGlobalSection
	GlobalSection(ExtensibilityGlobals) = postSolution
		SolutionGuid = {5CA18B0C-BB15-4CFD-A02F-5538D9091200}
	EndGlobalSection
EndGlobal
