
Microsoft Visual Studio Solution File, Format Version 12.00
# Visual Studio 15
VisualStudioVersion = 15.0.28010.2036
MinimumVisualStudioVersion = 10.0.40219.1
Project("{FAE04EC0-301F-11D3-BF4B-00C04F79EFBC}") = "ListExercise.Android", "ListExercise\ListExercise.Android\ListExercise.Android.csproj", "{8D689778-B11A-4CFB-B56B-037BE844E702}"
EndProject
Project("{FAE04EC0-301F-11D3-BF4B-00C04F79EFBC}") = "ListExercise", "ListExercise\ListExercise\ListExercise.csproj", "{0C14795A-5BBF-4AF8-9722-507793C0EC5B}"
EndProject
Global
	GlobalSection(SolutionConfigurationPlatforms) = preSolution
		Debug|Any CPU = Debug|Any CPU
		Release|Any CPU = Release|Any CPU
	EndGlobalSection
	GlobalSection(ProjectConfigurationPlatforms) = postSolution
		{8D689778-B11A-4CFB-B56B-037BE844E702}.Debug|Any CPU.ActiveCfg = Debug|Any CPU
		{8D689778-B11A-4CFB-B56B-037BE844E702}.Debug|Any CPU.Build.0 = Debug|Any CPU
		{8D689778-B11A-4CFB-B56B-037BE844E702}.Debug|Any CPU.Deploy.0 = Debug|Any CPU
		{8D689778-B11A-4CFB-B56B-037BE844E702}.Release|Any CPU.ActiveCfg = Release|Any CPU
		{8D689778-B11A-4CFB-B56B-037BE844E702}.Release|Any CPU.Build.0 = Release|Any CPU
		{8D689778-B11A-4CFB-B56B-037BE844E702}.Release|Any CPU.Deploy.0 = Release|Any CPU
		{0C14795A-5BBF-4AF8-9722-507793C0EC5B}.Debug|Any CPU.ActiveCfg = Debug|Any CPU
		{0C14795A-5BBF-4AF8-9722-507793C0EC5B}.Debug|Any CPU.Build.0 = Debug|Any CPU
		{0C14795A-5BBF-4AF8-9722-507793C0EC5B}.Release|Any CPU.ActiveCfg = Release|Any CPU
		{0C14795A-5BBF-4AF8-9722-507793C0EC5B}.Release|Any CPU.Build.0 = Release|Any CPU
	EndGlobalSection
	GlobalSection(SolutionProperties) = preSolution
		HideSolutionNode = FALSE
	EndGlobalSection
	GlobalSection(ExtensibilityGlobals) = postSolution
		SolutionGuid = {99D2C5C3-B965-4371-9B32-CF3C17D8E094}
	EndGlobalSection
EndGlobal
